
Microsoft Visual Studio Solution File, Format Version 12.00
# Visual Studio Version 17
VisualStudioVersion = 17.7.34221.43
MinimumVisualStudioVersion = 10.0.40219.1
Project("{FAE04EC0-301F-11D3-BF4B-00C04F79EFBC}") = "Project_OOP", "Project_OOP\Project_OOP.csproj", "{ABDEA035-9BF9-433D-9A37-D72C8C11F758}"
EndProject
Global
	GlobalSection(SolutionConfigurationPlatforms) = preSolution
		Debug|Any CPU = Debug|Any CPU
		Release|Any CPU = Release|Any CPU
	EndGlobalSection
	GlobalSection(ProjectConfigurationPlatforms) = postSolution
		{ABDEA035-9BF9-433D-9A37-D72C8C11F758}.Debug|Any CPU.ActiveCfg = Debug|Any CPU
		{ABDEA035-9BF9-433D-9A37-D72C8C11F758}.Debug|Any CPU.Build.0 = Debug|Any CPU
		{ABDEA035-9BF9-433D-9A37-D72C8C11F758}.Release|Any CPU.ActiveCfg = Release|Any CPU
		{ABDEA035-9BF9-433D-9A37-D72C8C11F758}.Release|Any CPU.Build.0 = Release|Any CPU
	EndGlobalSection
	GlobalSection(SolutionProperties) = preSolution
		HideSolutionNode = FALSE
	EndGlobalSection
	GlobalSection(ExtensibilityGlobals) = postSolution
		SolutionGuid = {2EDBCF05-8713-4EDE-898E-BA9CDBF7060A}
	EndGlobalSection
EndGlobal
